
Microsoft Visual Studio Solution File, Format Version 12.00
# Visual Studio Version 16
VisualStudioVersion = 16.0.30711.63
MinimumVisualStudioVersion = 10.0.40219.1
Project("{FAE04EC0-301F-11D3-BF4B-00C04F79EFBC}") = "DistLev", "Distant\DistLev.csproj", "{61028552-0366-46CE-8C55-D0A027C45AFB}"
EndProject
Project("{FAE04EC0-301F-11D3-BF4B-00C04F79EFBC}") = "MyLib", "MyLib\MyLib.csproj", "{1191B4C5-97CA-458C-85D8-995499A1E2E5}"
EndProject
Global
	GlobalSection(SolutionConfigurationPlatforms) = preSolution
		Debug|Any CPU = Debug|Any CPU
		Release|Any CPU = Release|Any CPU
	EndGlobalSection
	GlobalSection(ProjectConfigurationPlatforms) = postSolution
		{61028552-0366-46CE-8C55-D0A027C45AFB}.Debug|Any CPU.ActiveCfg = Debug|Any CPU
		{61028552-0366-46CE-8C55-D0A027C45AFB}.Debug|Any CPU.Build.0 = Debug|Any CPU
		{61028552-0366-46CE-8C55-D0A027C45AFB}.Release|Any CPU.ActiveCfg = Release|Any CPU
		{61028552-0366-46CE-8C55-D0A027C45AFB}.Release|Any CPU.Build.0 = Release|Any CPU
		{1191B4C5-97CA-458C-85D8-995499A1E2E5}.Debug|Any CPU.ActiveCfg = Debug|Any CPU
		{1191B4C5-97CA-458C-85D8-995499A1E2E5}.Debug|Any CPU.Build.0 = Debug|Any CPU
		{1191B4C5-97CA-458C-85D8-995499A1E2E5}.Release|Any CPU.ActiveCfg = Release|Any CPU
		{1191B4C5-97CA-458C-85D8-995499A1E2E5}.Release|Any CPU.Build.0 = Release|Any CPU
	EndGlobalSection
	GlobalSection(SolutionProperties) = preSolution
		HideSolutionNode = FALSE
	EndGlobalSection
	GlobalSection(ExtensibilityGlobals) = postSolution
		SolutionGuid = {E9697AAF-1512-4B3D-B648-36421B52F668}
	EndGlobalSection
EndGlobal
