
Microsoft Visual Studio Solution File, Format Version 12.00
# Visual Studio Version 16
VisualStudioVersion = 16.0.30517.126
MinimumVisualStudioVersion = 10.0.40219.1
Project("{FAE04EC0-301F-11D3-BF4B-00C04F79EFBC}") = "RK", "RK\RK.csproj", "{60A9CDE6-7A4A-44F4-9CE5-E0B37424AA92}"
EndProject
Global
	GlobalSection(SolutionConfigurationPlatforms) = preSolution
		Debug|Any CPU = Debug|Any CPU
		Release|Any CPU = Release|Any CPU
	EndGlobalSection
	GlobalSection(ProjectConfigurationPlatforms) = postSolution
		{60A9CDE6-7A4A-44F4-9CE5-E0B37424AA92}.Debug|Any CPU.ActiveCfg = Debug|Any CPU
		{60A9CDE6-7A4A-44F4-9CE5-E0B37424AA92}.Debug|Any CPU.Build.0 = Debug|Any CPU
		{60A9CDE6-7A4A-44F4-9CE5-E0B37424AA92}.Release|Any CPU.ActiveCfg = Release|Any CPU
		{60A9CDE6-7A4A-44F4-9CE5-E0B37424AA92}.Release|Any CPU.Build.0 = Release|Any CPU
	EndGlobalSection
	GlobalSection(SolutionProperties) = preSolution
		HideSolutionNode = FALSE
	EndGlobalSection
	GlobalSection(ExtensibilityGlobals) = postSolution
		SolutionGuid = {66DF9459-26C9-4B01-B091-543C8250102E}
	EndGlobalSection
EndGlobal
